<Solution>
  <Folder Name="/src/">
    <Project Path="src/CrestApps.OrchardCore.AgentSkills.Mcp/CrestApps.OrchardCore.AgentSkills.Mcp.csproj" />
    <Project Path="src/CrestApps.OrchardCore.AgentSkills/CrestApps.OrchardCore.AgentSkills.csproj" />
  </Folder>
  <Folder Name="/test/">
    <Project Path="test/CrestApps.OrchardCore.AgentSkills.Mcp.Tests/CrestApps.OrchardCore.AgentSkills.Mcp.Tests.csproj" />
  </Folder>
</Solution>
